// !$*UTF8*$!
{
	archiveVersion = 1;
	classes = {
	};
	objectVersion = 51;
	objects = {

/* Begin PBXBuildFile section */
		B9AFAD2B26EFCABA0040D0CC /* Extension.swift in Sources */ = {isa = PBXBuildFile; fileRef = B9AFAD2A26EFCABA0040D0CC /* Extension.swift */; };
		B9AFAD2D26EFCAE10040D0CC /* DatabaseManager.swift in Sources */ = {isa = PBXBuildFile; fileRef = B9AFAD2C26EFCAE10040D0CC /* DatabaseManager.swift */; };
		B9AFAD3026EFCB810040D0CC /* LoginViewController.swift in Sources */ = {isa = PBXBuildFile; fileRef = B9AFAD2F26EFCB810040D0CC /* LoginViewController.swift */; };
		B9AFAD3226EFCBA40040D0CC /* RegisterViewController.swift in Sources */ = {isa = PBXBuildFile; fileRef = B9AFAD3126EFCBA40040D0CC /* RegisterViewController.swift */; };
		B9AFAD3426EFCCBE0040D0CC /* GoogleService-Info.plist in Resources */ = {isa = PBXBuildFile; fileRef = B9AFAD3326EFCCBE0040D0CC /* GoogleService-Info.plist */; };
		C20E9E2225E1B79B001B1A11 /* SideMenuModel.swift in Sources */ = {isa = PBXBuildFile; fileRef = C20E9E2125E1B79A001B1A11 /* SideMenuModel.swift */; };
		C25EF4CE25D067D00086441F /* AppDelegate.swift in Sources */ = {isa = PBXBuildFile; fileRef = C25EF4CD25D067D00086441F /* AppDelegate.swift */; };
		C25EF4D025D067D00086441F /* SceneDelegate.swift in Sources */ = {isa = PBXBuildFile; fileRef = C25EF4CF25D067D00086441F /* SceneDelegate.swift */; };
		C25EF4D225D067D00086441F /* HomeViewController.swift in Sources */ = {isa = PBXBuildFile; fileRef = C25EF4D125D067D00086441F /* HomeViewController.swift */; };
		C25EF4D525D067D00086441F /* Main.storyboard in Resources */ = {isa = PBXBuildFile; fileRef = C25EF4D325D067D00086441F /* Main.storyboard */; };
		C25EF4D725D067D20086441F /* Assets.xcassets in Resources */ = {isa = PBXBuildFile; fileRef = C25EF4D625D067D20086441F /* Assets.xcassets */; };
		C25EF4DA25D067D20086441F /* LaunchScreen.storyboard in Resources */ = {isa = PBXBuildFile; fileRef = C25EF4D825D067D20086441F /* LaunchScreen.storyboard */; };
		C25EF4E425D06A430086441F /* SideMenuViewController.swift in Sources */ = {isa = PBXBuildFile; fileRef = C25EF4E325D06A430086441F /* SideMenuViewController.swift */; };
		C25EF4EA25D06B6A0086441F /* SideMenuCell.swift in Sources */ = {isa = PBXBuildFile; fileRef = C25EF4E825D06B6A0086441F /* SideMenuCell.swift */; };
		C25EF4EB25D06B6A0086441F /* SideMenuCell.xib in Resources */ = {isa = PBXBuildFile; fileRef = C25EF4E925D06B6A0086441F /* SideMenuCell.xib */; };
		C25EF52C25D09AC30086441F /* MainViewController.swift in Sources */ = {isa = PBXBuildFile; fileRef = C25EF52B25D09AC30086441F /* MainViewController.swift */; };
		C2DE6A2F25D2CEA7002B885A /* GroupsViewController.swift in Sources */ = {isa = PBXBuildFile; fileRef = C2DE6A2E25D2CEA7002B885A /* GroupsViewController.swift */; };
		C2DE6A3225D2CEB2002B885A /* FriendsViewController.swift in Sources */ = {isa = PBXBuildFile; fileRef = C2DE6A3125D2CEB2002B885A /* FriendsViewController.swift */; };
		C2DE6A3525D2CEBD002B885A /* MapViewController.swift in Sources */ = {isa = PBXBuildFile; fileRef = C2DE6A3425D2CEBD002B885A /* MapViewController.swift */; };
		C2DE6A3825D2CEC8002B885A /* ProfileViewController.swift in Sources */ = {isa = PBXBuildFile; fileRef = C2DE6A3725D2CEC8002B885A /* ProfileViewController.swift */; };
		C2DE6A3B25D2CED4002B885A /* SettingsViewController.swift in Sources */ = {isa = PBXBuildFile; fileRef = C2DE6A3A25D2CED4002B885A /* SettingsViewController.swift */; };
		F6CEA3054A7D097CFA810E3D /* Pods_CustomSideMenuiOSExample.framework in Frameworks */ = {isa = PBXBuildFile; fileRef = A5CAD4F53B5490929151BC49 /* Pods_CustomSideMenuiOSExample.framework */; };
/* End PBXBuildFile section */

/* Begin PBXFileReference section */
		8C7EFA62E330859C4FCC124A /* Pods-CustomSideMenuiOSExample.debug.xcconfig */ = {isa = PBXFileReference; includeInIndex = 1; lastKnownFileType = text.xcconfig; name = "Pods-CustomSideMenuiOSExample.debug.xcconfig"; path = "Target Support Files/Pods-CustomSideMenuiOSExample/Pods-CustomSideMenuiOSExample.debug.xcconfig"; sourceTree = "<group>"; };
		A5CAD4F53B5490929151BC49 /* Pods_CustomSideMenuiOSExample.framework */ = {isa = PBXFileReference; explicitFileType = wrapper.framework; includeInIndex = 0; path = Pods_CustomSideMenuiOSExample.framework; sourceTree = BUILT_PRODUCTS_DIR; };
		B9AFAD2A26EFCABA0040D0CC /* Extension.swift */ = {isa = PBXFileReference; lastKnownFileType = sourcecode.swift; path = Extension.swift; sourceTree = "<group>"; };
		B9AFAD2C26EFCAE10040D0CC /* DatabaseManager.swift */ = {isa = PBXFileReference; lastKnownFileType = sourcecode.swift; path = DatabaseManager.swift; sourceTree = "<group>"; };
		B9AFAD2F26EFCB810040D0CC /* LoginViewController.swift */ = {isa = PBXFileReference; lastKnownFileType = sourcecode.swift; path = LoginViewController.swift; sourceTree = "<group>"; };
		B9AFAD3126EFCBA40040D0CC /* RegisterViewController.swift */ = {isa = PBXFileReference; lastKnownFileType = sourcecode.swift; path = RegisterViewController.swift; sourceTree = "<group>"; };
		B9AFAD3326EFCCBE0040D0CC /* GoogleService-Info.plist */ = {isa = PBXFileReference; fileEncoding = 4; lastKnownFileType = text.plist.xml; path = "GoogleService-Info.plist"; sourceTree = "<group>"; };
		C20E9E2125E1B79A001B1A11 /* SideMenuModel.swift */ = {isa = PBXFileReference; lastKnownFileType = sourcecode.swift; path = SideMenuModel.swift; sourceTree = "<group>"; };
		C25EF4CA25D067D00086441F /* CustomSideMenuiOSExample.app */ = {isa = PBXFileReference; explicitFileType = wrapper.application; includeInIndex = 0; path = CustomSideMenuiOSExample.app; sourceTree = BUILT_PRODUCTS_DIR; };
		C25EF4CD25D067D00086441F /* AppDelegate.swift */ = {isa = PBXFileReference; lastKnownFileType = sourcecode.swift; path = AppDelegate.swift; sourceTree = "<group>"; };
		C25EF4CF25D067D00086441F /* SceneDelegate.swift */ = {isa = PBXFileReference; lastKnownFileType = sourcecode.swift; path = SceneDelegate.swift; sourceTree = "<group>"; };
		C25EF4D125D067D00086441F /* HomeViewController.swift */ = {isa = PBXFileReference; lastKnownFileType = sourcecode.swift; path = HomeViewController.swift; sourceTree = "<group>"; };
		C25EF4D425D067D00086441F /* Base */ = {isa = PBXFileReference; lastKnownFileType = file.storyboard; name = Base; path = Base.lproj/Main.storyboard; sourceTree = "<group>"; };
		C25EF4D625D067D20086441F /* Assets.xcassets */ = {isa = PBXFileReference; lastKnownFileType = folder.assetcatalog; path = Assets.xcassets; sourceTree = "<group>"; };
		C25EF4D925D067D20086441F /* Base */ = {isa = PBXFileReference; lastKnownFileType = file.storyboard; name = Base; path = Base.lproj/LaunchScreen.storyboard; sourceTree = "<group>"; };
		C25EF4DB25D067D20086441F /* Info.plist */ = {isa = PBXFileReference; lastKnownFileType = text.plist.xml; path = Info.plist; sourceTree = "<group>"; };
		C25EF4E325D06A430086441F /* SideMenuViewController.swift */ = {isa = PBXFileReference; lastKnownFileType = sourcecode.swift; path = SideMenuViewController.swift; sourceTree = "<group>"; };
		C25EF4E825D06B6A0086441F /* SideMenuCell.swift */ = {isa = PBXFileReference; lastKnownFileType = sourcecode.swift; path = SideMenuCell.swift; sourceTree = "<group>"; };
		C25EF4E925D06B6A0086441F /* SideMenuCell.xib */ = {isa = PBXFileReference; lastKnownFileType = file.xib; path = SideMenuCell.xib; sourceTree = "<group>"; };
		C25EF52B25D09AC30086441F /* MainViewController.swift */ = {isa = PBXFileReference; lastKnownFileType = sourcecode.swift; path = MainViewController.swift; sourceTree = "<group>"; };
		C2DE6A2E25D2CEA7002B885A /* GroupsViewController.swift */ = {isa = PBXFileReference; lastKnownFileType = sourcecode.swift; path = GroupsViewController.swift; sourceTree = "<group>"; };
		C2DE6A3125D2CEB2002B885A /* FriendsViewController.swift */ = {isa = PBXFileReference; lastKnownFileType = sourcecode.swift; path = FriendsViewController.swift; sourceTree = "<group>"; };
		C2DE6A3425D2CEBD002B885A /* MapViewController.swift */ = {isa = PBXFileReference; lastKnownFileType = sourcecode.swift; path = MapViewController.swift; sourceTree = "<group>"; };
		C2DE6A3725D2CEC8002B885A /* ProfileViewController.swift */ = {isa = PBXFileReference; lastKnownFileType = sourcecode.swift; path = ProfileViewController.swift; sourceTree = "<group>"; };
		C2DE6A3A25D2CED4002B885A /* SettingsViewController.swift */ = {isa = PBXFileReference; lastKnownFileType = sourcecode.swift; path = SettingsViewController.swift; sourceTree = "<group>"; };
		C7152C665E796305976D2656 /* Pods-CustomSideMenuiOSExample.release.xcconfig */ = {isa = PBXFileReference; includeInIndex = 1; lastKnownFileType = text.xcconfig; name = "Pods-CustomSideMenuiOSExample.release.xcconfig"; path = "Target Support Files/Pods-CustomSideMenuiOSExample/Pods-CustomSideMenuiOSExample.release.xcconfig"; sourceTree = "<group>"; };
/* End PBXFileReference section */

/* Begin PBXFrameworksBuildPhase section */
		C25EF4C725D067D00086441F /* Frameworks */ = {
			isa = PBXFrameworksBuildPhase;
			buildActionMask = 2147483647;
			files = (
				F6CEA3054A7D097CFA810E3D /* Pods_CustomSideMenuiOSExample.framework in Frameworks */,
			);
			runOnlyForDeploymentPostprocessing = 0;
		};
/* End PBXFrameworksBuildPhase section */

/* Begin PBXGroup section */
		A6F8ED0FD63BC0EA28B0228B /* Pods */ = {
			isa = PBXGroup;
			children = (
				8C7EFA62E330859C4FCC124A /* Pods-CustomSideMenuiOSExample.debug.xcconfig */,
				C7152C665E796305976D2656 /* Pods-CustomSideMenuiOSExample.release.xcconfig */,
			);
			path = Pods;
			sourceTree = "<group>";
		};
		B9AFAD2E26EFCB130040D0CC /* Resources */ = {
			isa = PBXGroup;
			children = (
				B9AFAD2A26EFCABA0040D0CC /* Extension.swift */,
				B9AFAD2C26EFCAE10040D0CC /* DatabaseManager.swift */,
				C25EF4CD25D067D00086441F /* AppDelegate.swift */,
				C25EF4CF25D067D00086441F /* SceneDelegate.swift */,
			);
			path = Resources;
			sourceTree = "<group>";
		};
		C22DF82F25D1917200FEB621 /* Views */ = {
			isa = PBXGroup;
			children = (
				C25EF4D125D067D00086441F /* HomeViewController.swift */,
				C2DE6A2E25D2CEA7002B885A /* GroupsViewController.swift */,
				C2DE6A3125D2CEB2002B885A /* FriendsViewController.swift */,
				C2DE6A3425D2CEBD002B885A /* MapViewController.swift */,
				C2DE6A3725D2CEC8002B885A /* ProfileViewController.swift */,
				C2DE6A3A25D2CED4002B885A /* SettingsViewController.swift */,
				B9AFAD2F26EFCB810040D0CC /* LoginViewController.swift */,
				B9AFAD3126EFCBA40040D0CC /* RegisterViewController.swift */,
			);
			path = Views;
			sourceTree = "<group>";
		};
		C25EF4C125D067D00086441F = {
			isa = PBXGroup;
			children = (
				C25EF4CC25D067D00086441F /* CustomSideMenuiOSExample */,
				C25EF4CB25D067D00086441F /* Products */,
				A6F8ED0FD63BC0EA28B0228B /* Pods */,
				C907D174C6C98DF9B75BAABF /* Frameworks */,
			);
			sourceTree = "<group>";
		};
		C25EF4CB25D067D00086441F /* Products */ = {
			isa = PBXGroup;
			children = (
				C25EF4CA25D067D00086441F /* CustomSideMenuiOSExample.app */,
			);
			name = Products;
			sourceTree = "<group>";
		};
		C25EF4CC25D067D00086441F /* CustomSideMenuiOSExample */ = {
			isa = PBXGroup;
			children = (
				B9AFAD2E26EFCB130040D0CC /* Resources */,
				C22DF82F25D1917200FEB621 /* Views */,
				C25EF4E225D06A2D0086441F /* SideMenu */,
				C25EF52B25D09AC30086441F /* MainViewController.swift */,
				C25EF4D325D067D00086441F /* Main.storyboard */,
				C25EF4D625D067D20086441F /* Assets.xcassets */,
				C25EF4D825D067D20086441F /* LaunchScreen.storyboard */,
				C25EF4DB25D067D20086441F /* Info.plist */,
				B9AFAD3326EFCCBE0040D0CC /* GoogleService-Info.plist */,
			);
			path = CustomSideMenuiOSExample;
			sourceTree = "<group>";
		};
		C25EF4E225D06A2D0086441F /* SideMenu */ = {
			isa = PBXGroup;
			children = (
				C25EF4ED25D06B740086441F /* Cell */,
				C20E9E2125E1B79A001B1A11 /* SideMenuModel.swift */,
				C25EF4E325D06A430086441F /* SideMenuViewController.swift */,
			);
			path = SideMenu;
			sourceTree = "<group>";
		};
		C25EF4ED25D06B740086441F /* Cell */ = {
			isa = PBXGroup;
			children = (
				C25EF4E825D06B6A0086441F /* SideMenuCell.swift */,
				C25EF4E925D06B6A0086441F /* SideMenuCell.xib */,
			);
			path = Cell;
			sourceTree = "<group>";
		};
		C907D174C6C98DF9B75BAABF /* Frameworks */ = {
			isa = PBXGroup;
			children = (
				A5CAD4F53B5490929151BC49 /* Pods_CustomSideMenuiOSExample.framework */,
			);
			name = Frameworks;
			sourceTree = "<group>";
		};
/* End PBXGroup section */

/* Begin PBXNativeTarget section */
		C25EF4C925D067D00086441F /* CustomSideMenuiOSExample */ = {
			isa = PBXNativeTarget;
			buildConfigurationList = C25EF4DE25D067D20086441F /* Build configuration list for PBXNativeTarget "CustomSideMenuiOSExample" */;
			buildPhases = (
				7A0845842DF31431DBD38B25 /* [CP] Check Pods Manifest.lock */,
				C25EF4C625D067D00086441F /* Sources */,
				C25EF4C725D067D00086441F /* Frameworks */,
				C25EF4C825D067D00086441F /* Resources */,
				EDB3518AD511407226275CF8 /* [CP] Embed Pods Frameworks */,
			);
			buildRules = (
			);
			dependencies = (
			);
			name = CustomSideMenuiOSExample;
			productName = CustomSideMenuiOSExample;
			productReference = C25EF4CA25D067D00086441F /* CustomSideMenuiOSExample.app */;
			productType = "com.apple.product-type.application";
		};
/* End PBXNativeTarget section */

/* Begin PBXProject section */
		C25EF4C225D067D00086441F /* Project object */ = {
			isa = PBXProject;
			attributes = {
				LastSwiftUpdateCheck = 1240;
				LastUpgradeCheck = 1240;
				TargetAttributes = {
					C25EF4C925D067D00086441F = {
						CreatedOnToolsVersion = 12.4;
					};
				};
			};
			buildConfigurationList = C25EF4C525D067D00086441F /* Build configuration list for PBXProject "CustomSideMenuiOSExample" */;
			compatibilityVersion = "Xcode 9.3";
			developmentRegion = en;
			hasScannedForEncodings = 0;
			knownRegions = (
				en,
				Base,
			);
			mainGroup = C25EF4C125D067D00086441F;
			productRefGroup = C25EF4CB25D067D00086441F /* Products */;
			projectDirPath = "";
			projectRoot = "";
			targets = (
				C25EF4C925D067D00086441F /* CustomSideMenuiOSExample */,
			);
		};
/* End PBXProject section */

/* Begin PBXResourcesBuildPhase section */
		C25EF4C825D067D00086441F /* Resources */ = {
			isa = PBXResourcesBuildPhase;
			buildActionMask = 2147483647;
			files = (
				C25EF4DA25D067D20086441F /* LaunchScreen.storyboard in Resources */,
				C25EF4D725D067D20086441F /* Assets.xcassets in Resources */,
				B9AFAD3426EFCCBE0040D0CC /* GoogleService-Info.plist in Resources */,
				C25EF4D525D067D00086441F /* Main.storyboard in Resources */,
				C25EF4EB25D06B6A0086441F /* SideMenuCell.xib in Resources */,
			);
			runOnlyForDeploymentPostprocessing = 0;
		};
/* End PBXResourcesBuildPhase section */

/* Begin PBXShellScriptBuildPhase section */
		7A0845842DF31431DBD38B25 /* [CP] Check Pods Manifest.lock */ = {
			isa = PBXShellScriptBuildPhase;
			buildActionMask = 2147483647;
			files = (
			);
			inputFileListPaths = (
			);
			inputPaths = (
				"${PODS_PODFILE_DIR_PATH}/Podfile.lock",
				"${PODS_ROOT}/Manifest.lock",
			);
			name = "[CP] Check Pods Manifest.lock";
			outputFileListPaths = (
			);
			outputPaths = (
				"$(DERIVED_FILE_DIR)/Pods-CustomSideMenuiOSExample-checkManifestLockResult.txt",
			);
			runOnlyForDeploymentPostprocessing = 0;
			shellPath = /bin/sh;
			shellScript = "diff \"${PODS_PODFILE_DIR_PATH}/Podfile.lock\" \"${PODS_ROOT}/Manifest.lock\" > /dev/null\nif [ $? != 0 ] ; then\n    # print error to STDERR\n    echo \"error: The sandbox is not in sync with the Podfile.lock. Run 'pod install' or update your CocoaPods installation.\" >&2\n    exit 1\nfi\n# This output is used by Xcode 'outputs' to avoid re-running this script phase.\necho \"SUCCESS\" > \"${SCRIPT_OUTPUT_FILE_0}\"\n";
			showEnvVarsInLog = 0;
		};
		EDB3518AD511407226275CF8 /* [CP] Embed Pods Frameworks */ = {
			isa = PBXShellScriptBuildPhase;
			buildActionMask = 2147483647;
			files = (
			);
			inputFileListPaths = (
				"${PODS_ROOT}/Target Support Files/Pods-CustomSideMenuiOSExample/Pods-CustomSideMenuiOSExample-frameworks-${CONFIGURATION}-input-files.xcfilelist",
			);
			name = "[CP] Embed Pods Frameworks";
			outputFileListPaths = (
				"${PODS_ROOT}/Target Support Files/Pods-CustomSideMenuiOSExample/Pods-CustomSideMenuiOSExample-frameworks-${CONFIGURATION}-output-files.xcfilelist",
			);
			runOnlyForDeploymentPostprocessing = 0;
			shellPath = /bin/sh;
			shellScript = "\"${PODS_ROOT}/Target Support Files/Pods-CustomSideMenuiOSExample/Pods-CustomSideMenuiOSExample-frameworks.sh\"\n";
			showEnvVarsInLog = 0;
		};
/* End PBXShellScriptBuildPhase section */

/* Begin PBXSourcesBuildPhase section */
		C25EF4C625D067D00086441F /* Sources */ = {
			isa = PBXSourcesBuildPhase;
			buildActionMask = 2147483647;
			files = (
				C25EF4E425D06A430086441F /* SideMenuViewController.swift in Sources */,
				C2DE6A2F25D2CEA7002B885A /* GroupsViewController.swift in Sources */,
				C2DE6A3B25D2CED4002B885A /* SettingsViewController.swift in Sources */,
				B9AFAD3026EFCB810040D0CC /* LoginViewController.swift in Sources */,
				C2DE6A3825D2CEC8002B885A /* ProfileViewController.swift in Sources */,
				C25EF52C25D09AC30086441F /* MainViewController.swift in Sources */,
				C25EF4EA25D06B6A0086441F /* SideMenuCell.swift in Sources */,
				B9AFAD2D26EFCAE10040D0CC /* DatabaseManager.swift in Sources */,
				C25EF4D225D067D00086441F /* HomeViewController.swift in Sources */,
				C25EF4CE25D067D00086441F /* AppDelegate.swift in Sources */,
				C20E9E2225E1B79B001B1A11 /* SideMenuModel.swift in Sources */,
				B9AFAD3226EFCBA40040D0CC /* RegisterViewController.swift in Sources */,
				B9AFAD2B26EFCABA0040D0CC /* Extension.swift in Sources */,
				C25EF4D025D067D00086441F /* SceneDelegate.swift in Sources */,
				C2DE6A3225D2CEB2002B885A /* FriendsViewController.swift in Sources */,
				C2DE6A3525D2CEBD002B885A /* MapViewController.swift in Sources */,
			);
			runOnlyForDeploymentPostprocessing = 0;
		};
/* End PBXSourcesBuildPhase section */

/* Begin PBXVariantGroup section */
		C25EF4D325D067D00086441F /* Main.storyboard */ = {
			isa = PBXVariantGroup;
			children = (
				C25EF4D425D067D00086441F /* Base */,
			);
			name = Main.storyboard;
			sourceTree = "<group>";
		};
		C25EF4D825D067D20086441F /* LaunchScreen.storyboard */ = {
			isa = PBXVariantGroup;
			children = (
				C25EF4D925D067D20086441F /* Base */,
			);
			name = LaunchScreen.storyboard;
			sourceTree = "<group>";
		};
/* End PBXVariantGroup section */

/* Begin XCBuildConfiguration section */
		C25EF4DC25D067D20086441F /* Debug */ = {
			isa = XCBuildConfiguration;
			buildSettings = {
				ALWAYS_SEARCH_USER_PATHS = NO;
				CLANG_ANALYZER_NONNULL = YES;
				CLANG_ANALYZER_NUMBER_OBJECT_CONVERSION = YES_AGGRESSIVE;
				CLANG_CXX_LANGUAGE_STANDARD = "gnu++14";
				CLANG_CXX_LIBRARY = "libc++";
				CLANG_ENABLE_MODULES = YES;
				CLANG_ENABLE_OBJC_ARC = YES;
				CLANG_ENABLE_OBJC_WEAK = YES;
				CLANG_WARN_BLOCK_CAPTURE_AUTORELEASING = YES;
				CLANG_WARN_BOOL_CONVERSION = YES;
				CLANG_WARN_COMMA = YES;
				CLANG_WARN_CONSTANT_CONVERSION = YES;
				CLANG_WARN_DEPRECATED_OBJC_IMPLEMENTATIONS = YES;
				CLANG_WARN_DIRECT_OBJC_ISA_USAGE = YES_ERROR;
				CLANG_WARN_DOCUMENTATION_COMMENTS = YES;
				CLANG_WARN_EMPTY_BODY = YES;
				CLANG_WARN_ENUM_CONVERSION = YES;
				CLANG_WARN_INFINITE_RECURSION = YES;
				CLANG_WARN_INT_CONVERSION = YES;
				CLANG_WARN_NON_LITERAL_NULL_CONVERSION = YES;
				CLANG_WARN_OBJC_IMPLICIT_RETAIN_SELF = YES;
				CLANG_WARN_OBJC_LITERAL_CONVERSION = YES;
				CLANG_WARN_OBJC_ROOT_CLASS = YES_ERROR;
				CLANG_WARN_QUOTED_INCLUDE_IN_FRAMEWORK_HEADER = YES;
				CLANG_WARN_RANGE_LOOP_ANALYSIS = YES;
				CLANG_WARN_STRICT_PROTOTYPES = YES;
				CLANG_WARN_SUSPICIOUS_MOVE = YES;
				CLANG_WARN_UNGUARDED_AVAILABILITY = YES_AGGRESSIVE;
				CLANG_WARN_UNREACHABLE_CODE = YES;
				CLANG_WARN__DUPLICATE_METHOD_MATCH = YES;
				COPY_PHASE_STRIP = NO;
				DEBUG_INFORMATION_FORMAT = dwarf;
				ENABLE_STRICT_OBJC_MSGSEND = YES;
				ENABLE_TESTABILITY = YES;
				GCC_C_LANGUAGE_STANDARD = gnu11;
				GCC_DYNAMIC_NO_PIC = NO;
				GCC_NO_COMMON_BLOCKS = YES;
				GCC_OPTIMIZATION_LEVEL = 0;
				GCC_PREPROCESSOR_DEFINITIONS = (
					"DEBUG=1",
					"$(inherited)",
				);
				GCC_WARN_64_TO_32_BIT_CONVERSION = YES;
				GCC_WARN_ABOUT_RETURN_TYPE = YES_ERROR;
				GCC_WARN_UNDECLARED_SELECTOR = YES;
				GCC_WARN_UNINITIALIZED_AUTOS = YES_AGGRESSIVE;
				GCC_WARN_UNUSED_FUNCTION = YES;
				GCC_WARN_UNUSED_VARIABLE = YES;
				IPHONEOS_DEPLOYMENT_TARGET = 14.4;
				MTL_ENABLE_DEBUG_INFO = INCLUDE_SOURCE;
				MTL_FAST_MATH = YES;
				ONLY_ACTIVE_ARCH = YES;
				SDKROOT = iphoneos;
				SWIFT_ACTIVE_COMPILATION_CONDITIONS = DEBUG;
				SWIFT_OPTIMIZATION_LEVEL = "-Onone";
			};
			name = Debug;
		};
		C25EF4DD25D067D20086441F /* Release */ = {
			isa = XCBuildConfiguration;
			buildSettings = {
				ALWAYS_SEARCH_USER_PATHS = NO;
				CLANG_ANALYZER_NONNULL = YES;
				CLANG_ANALYZER_NUMBER_OBJECT_CONVERSION = YES_AGGRESSIVE;
				CLANG_CXX_LANGUAGE_STANDARD = "gnu++14";
				CLANG_CXX_LIBRARY = "libc++";
				CLANG_ENABLE_MODULES = YES;
				CLANG_ENABLE_OBJC_ARC = YES;
				CLANG_ENABLE_OBJC_WEAK = YES;
				CLANG_WARN_BLOCK_CAPTURE_AUTORELEASING = YES;
				CLANG_WARN_BOOL_CONVERSION = YES;
				CLANG_WARN_COMMA = YES;
				CLANG_WARN_CONSTANT_CONVERSION = YES;
				CLANG_WARN_DEPRECATED_OBJC_IMPLEMENTATIONS = YES;
				CLANG_WARN_DIRECT_OBJC_ISA_USAGE = YES_ERROR;
				CLANG_WARN_DOCUMENTATION_COMMENTS = YES;
				CLANG_WARN_EMPTY_BODY = YES;
				CLANG_WARN_ENUM_CONVERSION = YES;
				CLANG_WARN_INFINITE_RECURSION = YES;
				CLANG_WARN_INT_CONVERSION = YES;
				CLANG_WARN_NON_LITERAL_NULL_CONVERSION = YES;
				CLANG_WARN_OBJC_IMPLICIT_RETAIN_SELF = YES;
				CLANG_WARN_OBJC_LITERAL_CONVERSION = YES;
				CLANG_WARN_OBJC_ROOT_CLASS = YES_ERROR;
				CLANG_WARN_QUOTED_INCLUDE_IN_FRAMEWORK_HEADER = YES;
				CLANG_WARN_RANGE_LOOP_ANALYSIS = YES;
				CLANG_WARN_STRICT_PROTOTYPES = YES;
				CLANG_WARN_SUSPICIOUS_MOVE = YES;
				CLANG_WARN_UNGUARDED_AVAILABILITY = YES_AGGRESSIVE;
				CLANG_WARN_UNREACHABLE_CODE = YES;
				CLANG_WARN__DUPLICATE_METHOD_MATCH = YES;
				COPY_PHASE_STRIP = NO;
				DEBUG_INFORMATION_FORMAT = "dwarf-with-dsym";
				ENABLE_NS_ASSERTIONS = NO;
				ENABLE_STRICT_OBJC_MSGSEND = YES;
				GCC_C_LANGUAGE_STANDARD = gnu11;
				GCC_NO_COMMON_BLOCKS = YES;
				GCC_WARN_64_TO_32_BIT_CONVERSION = YES;
				GCC_WARN_ABOUT_RETURN_TYPE = YES_ERROR;
				GCC_WARN_UNDECLARED_SELECTOR = YES;
				GCC_WARN_UNINITIALIZED_AUTOS = YES_AGGRESSIVE;
				GCC_WARN_UNUSED_FUNCTION = YES;
				GCC_WARN_UNUSED_VARIABLE = YES;
				IPHONEOS_DEPLOYMENT_TARGET = 14.4;
				MTL_ENABLE_DEBUG_INFO = NO;
				MTL_FAST_MATH = YES;
				SDKROOT = iphoneos;
				SWIFT_COMPILATION_MODE = wholemodule;
				SWIFT_OPTIMIZATION_LEVEL = "-O";
				VALIDATE_PRODUCT = YES;
			};
			name = Release;
		};
		C25EF4DF25D067D20086441F /* Debug */ = {
			isa = XCBuildConfiguration;
			baseConfigurationReference = 8C7EFA62E330859C4FCC124A /* Pods-CustomSideMenuiOSExample.debug.xcconfig */;
			buildSettings = {
				ASSETCATALOG_COMPILER_GLOBAL_ACCENT_COLOR_NAME = AccentColor;
				CODE_SIGN_STYLE = Automatic;
				DEVELOPMENT_TEAM = 6P8Q9Q6J62;
				INFOPLIST_FILE = CustomSideMenuiOSExample/Info.plist;
				LD_RUNPATH_SEARCH_PATHS = (
					"$(inherited)",
					"@executable_path/Frameworks",
				);
				PRODUCT_BUNDLE_IDENTIFIER = com.harveyduperier.wavesocial;
				PRODUCT_NAME = "$(TARGET_NAME)";
				SWIFT_VERSION = 5.0;
				TARGETED_DEVICE_FAMILY = 1;
			};
			name = Debug;
		};
		C25EF4E025D067D20086441F /* Release */ = {
			isa = XCBuildConfiguration;
			baseConfigurationReference = C7152C665E796305976D2656 /* Pods-CustomSideMenuiOSExample.release.xcconfig */;
			buildSettings = {
				ASSETCATALOG_COMPILER_GLOBAL_ACCENT_COLOR_NAME = AccentColor;
				CODE_SIGN_STYLE = Automatic;
				DEVELOPMENT_TEAM = 6P8Q9Q6J62;
				INFOPLIST_FILE = CustomSideMenuiOSExample/Info.plist;
				LD_RUNPATH_SEARCH_PATHS = (
					"$(inherited)",
					"@executable_path/Frameworks",
				);
				PRODUCT_BUNDLE_IDENTIFIER = com.harveyduperier.wavesocial;
				PRODUCT_NAME = "$(TARGET_NAME)";
				SWIFT_VERSION = 5.0;
				TARGETED_DEVICE_FAMILY = 1;
			};
			name = Release;
		};
/* End XCBuildConfiguration section */

/* Begin XCConfigurationList section */
		C25EF4C525D067D00086441F /* Build configuration list for PBXProject "CustomSideMenuiOSExample" */ = {
			isa = XCConfigurationList;
			buildConfigurations = (
				C25EF4DC25D067D20086441F /* Debug */,
				C25EF4DD25D067D20086441F /* Release */,
			);
			defaultConfigurationIsVisible = 0;
			defaultConfigurationName = Release;
		};
		C25EF4DE25D067D20086441F /* Build configuration list for PBXNativeTarget "CustomSideMenuiOSExample" */ = {
			isa = XCConfigurationList;
			buildConfigurations = (
				C25EF4DF25D067D20086441F /* Debug */,
				C25EF4E025D067D20086441F /* Release */,
			);
			defaultConfigurationIsVisible = 0;
			defaultConfigurationName = Release;
		};
/* End XCConfigurationList section */
	};
	rootObject = C25EF4C225D067D00086441F /* Project object */;
}
